{
  "requires": true,
  "lockfileVersion": 1,
  "dependencies": {
    "markdown-include": {
      "version": "0.4.3",
      "resolved": "https://registry.npmjs.org/markdown-include/-/markdown-include-0.4.3.tgz",
      "integrity": "sha1-usZVVALG2pOg9SlSIl37mmzMcxs=",
      "requires": {
        "q": "^1.2.0"
      }
    },
    "markdown-it-include": {
      "version": "1.1.0",
      "resolved": "https://registry.npmjs.org/markdown-it-include/-/markdown-it-include-1.1.0.tgz",
      "integrity": "sha512-OeXvJHfEHrnXWH8+eqMeIX0aFJz4W2ULzfbEVGXBEXab7i3cqLWUxtiHUokZ0/A2uZvLXSaFns/BEVN/mINaCQ=="
    },
    "q": {
      "version": "1.5.1",
      "resolved": "https://registry.npmjs.org/q/-/q-1.5.1.tgz",
      "integrity": "sha1-fjL3W0E4EpHQRhHxvxQQmsAGUdc="
    }
  }
}
